// !$*UTF8*$!
{
	archiveVersion = 1;
	classes = {
	};
	objectVersion = 54;
	objects = {

/* Begin PBXBuildFile section */
		0D28E730597094B25BE34E9D /* libPods-example.a in Frameworks */ = {isa = PBXBuildFile; fileRef = A8031BA1511AD4E870387F2A /* libPods-example.a */; };
		13B07FBF1A68108700A75B9A /* Images.xcassets in Resources */ = {isa = PBXBuildFile; fileRef = 13B07FB51A68108700A75B9A /* Images.xcassets */; };
		562C9D98E27A41B0BB18F39D /* logo.png in Resources */ = {isa = PBXBuildFile; fileRef = D0D223024B51477898C8BE99 /* logo.png */; };
		81AB9BB82411601600AC10FF /* LaunchScreen.storyboard in Resources */ = {isa = PBXBuildFile; fileRef = 81AB9BB72411601600AC10FF /* LaunchScreen.storyboard */; };
		85B900E84FFC8E02557F2381 /* libPods-example-exampleTests.a in Frameworks */ = {isa = PBXBuildFile; fileRef = 2762AEA52BFC18E1201301FB /* libPods-example-exampleTests.a */; };
		A21E7AFC27205691000F1128 /* Lora.ttf in Resources */ = {isa = PBXBuildFile; fileRef = CFBA2F06D5364A84B9A7D6FA /* Lora.ttf */; };
		A24E4EA52731354A001093C7 /* UserDecisionDictTests.swift in Sources */ = {isa = PBXBuildFile; fileRef = A24E4EA42731354A001093C7 /* UserDecisionDictTests.swift */; };
		A24E4EA727313B82001093C7 /* TCFUserDecisions+Mock.swift in Sources */ = {isa = PBXBuildFile; fileRef = A24E4EA627313B82001093C7 /* TCFUserDecisions+Mock.swift */; };
		A24E4EA927313FA2001093C7 /* UserDecisions+Mock.swift in Sources */ = {isa = PBXBuildFile; fileRef = A24E4EA827313FA2001093C7 /* UserDecisions+Mock.swift */; };
		A2DC251E272166FB00AA9DD8 /* RNUsercentricsModuleTests.swift in Sources */ = {isa = PBXBuildFile; fileRef = A2DC251D272166FB00AA9DD8 /* RNUsercentricsModuleTests.swift */; };
		A2DC25212721673C00AA9DD8 /* FakeUsercentricsManager.swift in Sources */ = {isa = PBXBuildFile; fileRef = A2DC25202721673C00AA9DD8 /* FakeUsercentricsManager.swift */; };
		A2DC252327216A9D00AA9DD8 /* UsercentricsIsReady+Mock.swift in Sources */ = {isa = PBXBuildFile; fileRef = A2DC252227216A9D00AA9DD8 /* UsercentricsIsReady+Mock.swift */; };
		A2DC252527216AA500AA9DD8 /* UsercentricsOptions+Mock.swift in Sources */ = {isa = PBXBuildFile; fileRef = A2DC252427216AA500AA9DD8 /* UsercentricsOptions+Mock.swift */; };
		A2DC252927216D7600AA9DD8 /* FakeDispatchQueue.swift in Sources */ = {isa = PBXBuildFile; fileRef = A2DC252827216D7600AA9DD8 /* FakeDispatchQueue.swift */; };
		A2DC252D272179E600AA9DD8 /* ReadyStatusDictTests.swift in Sources */ = {isa = PBXBuildFile; fileRef = A2DC252C272179E600AA9DD8 /* ReadyStatusDictTests.swift */; };
		A2DC253127217AEB00AA9DD8 /* FakePresentationViewController.swift in Sources */ = {isa = PBXBuildFile; fileRef = A2DC253027217AEB00AA9DD8 /* FakePresentationViewController.swift */; };
		A2DC25382721A3D900AA9DD8 /* UsercentricsOptionsDictTests.swift in Sources */ = {isa = PBXBuildFile; fileRef = A2DC25372721A3D900AA9DD8 /* UsercentricsOptionsDictTests.swift */; };
		A2DC253A2721A6D400AA9DD8 /* UsercentricsUISettingsDictTests.swift in Sources */ = {isa = PBXBuildFile; fileRef = A2DC25392721A6D400AA9DD8 /* UsercentricsUISettingsDictTests.swift */; };
		A2DC253C2721A85200AA9DD8 /* UsercentricsUserInteractionDictTest.swift in Sources */ = {isa = PBXBuildFile; fileRef = A2DC253B2721A85200AA9DD8 /* UsercentricsUserInteractionDictTest.swift */; };
		A2F0B082272C396200A99DD3 /* UsercentricsConsentTypeTests.swift in Sources */ = {isa = PBXBuildFile; fileRef = A2F0B081272C396200A99DD3 /* UsercentricsConsentTypeTests.swift */; };
		A2F0B084272C399600A99DD3 /* TCFDecisionUILayerTests.swift in Sources */ = {isa = PBXBuildFile; fileRef = A2F0B083272C399600A99DD3 /* TCFDecisionUILayerTests.swift */; };
		FAA6DE282607FC1C0044CA6D /* AppDelegate.swift in Sources */ = {isa = PBXBuildFile; fileRef = FAA6DE272607FC1C0044CA6D /* AppDelegate.swift */; };
/* End PBXBuildFile section */

/* Begin PBXContainerItemProxy section */
		A2DC2515272161D600AA9DD8 /* PBXContainerItemProxy */ = {
			isa = PBXContainerItemProxy;
			containerPortal = 83CBB9F71A601CBA00E9B192 /* Project object */;
			proxyType = 1;
			remoteGlobalIDString = 13B07F861A680F5B00A75B9A;
			remoteInfo = example;
		};
/* End PBXContainerItemProxy section */

/* Begin PBXFileReference section */
		13B07F961A680F5B00A75B9A /* example.app */ = {isa = PBXFileReference; explicitFileType = wrapper.application; includeInIndex = 0; path = example.app; sourceTree = BUILT_PRODUCTS_DIR; };
		13B07FB51A68108700A75B9A /* Images.xcassets */ = {isa = PBXFileReference; lastKnownFileType = folder.assetcatalog; name = Images.xcassets; path = example/Images.xcassets; sourceTree = "<group>"; };
		13B07FB61A68108700A75B9A /* Info.plist */ = {isa = PBXFileReference; fileEncoding = 4; lastKnownFileType = text.plist.xml; name = Info.plist; path = example/Info.plist; sourceTree = "<group>"; };
		2762AEA52BFC18E1201301FB /* libPods-example-exampleTests.a */ = {isa = PBXFileReference; explicitFileType = archive.ar; includeInIndex = 0; path = "libPods-example-exampleTests.a"; sourceTree = BUILT_PRODUCTS_DIR; };
		81AB9BB72411601600AC10FF /* LaunchScreen.storyboard */ = {isa = PBXFileReference; fileEncoding = 4; lastKnownFileType = file.storyboard; name = LaunchScreen.storyboard; path = example/LaunchScreen.storyboard; sourceTree = "<group>"; };
		8F45C64B16AB75DF72E0AD45 /* Pods-example.release.xcconfig */ = {isa = PBXFileReference; includeInIndex = 1; lastKnownFileType = text.xcconfig; name = "Pods-example.release.xcconfig"; path = "Target Support Files/Pods-example/Pods-example.release.xcconfig"; sourceTree = "<group>"; };
		A24E4EA42731354A001093C7 /* UserDecisionDictTests.swift */ = {isa = PBXFileReference; lastKnownFileType = sourcecode.swift; path = UserDecisionDictTests.swift; sourceTree = "<group>"; };
		A24E4EA627313B82001093C7 /* TCFUserDecisions+Mock.swift */ = {isa = PBXFileReference; lastKnownFileType = sourcecode.swift; path = "TCFUserDecisions+Mock.swift"; sourceTree = "<group>"; };
		A24E4EA827313FA2001093C7 /* UserDecisions+Mock.swift */ = {isa = PBXFileReference; lastKnownFileType = sourcecode.swift; path = "UserDecisions+Mock.swift"; sourceTree = "<group>"; };
		A2DC2511272161D600AA9DD8 /* exampleTests.xctest */ = {isa = PBXFileReference; explicitFileType = wrapper.cfbundle; includeInIndex = 0; path = exampleTests.xctest; sourceTree = BUILT_PRODUCTS_DIR; };
		A2DC251D272166FB00AA9DD8 /* RNUsercentricsModuleTests.swift */ = {isa = PBXFileReference; lastKnownFileType = sourcecode.swift; path = RNUsercentricsModuleTests.swift; sourceTree = "<group>"; };
		A2DC25202721673C00AA9DD8 /* FakeUsercentricsManager.swift */ = {isa = PBXFileReference; lastKnownFileType = sourcecode.swift; path = FakeUsercentricsManager.swift; sourceTree = "<group>"; };
		A2DC252227216A9D00AA9DD8 /* UsercentricsIsReady+Mock.swift */ = {isa = PBXFileReference; lastKnownFileType = sourcecode.swift; path = "UsercentricsIsReady+Mock.swift"; sourceTree = "<group>"; };
		A2DC252427216AA500AA9DD8 /* UsercentricsOptions+Mock.swift */ = {isa = PBXFileReference; lastKnownFileType = sourcecode.swift; path = "UsercentricsOptions+Mock.swift"; sourceTree = "<group>"; };
		A2DC252827216D7600AA9DD8 /* FakeDispatchQueue.swift */ = {isa = PBXFileReference; lastKnownFileType = sourcecode.swift; path = FakeDispatchQueue.swift; sourceTree = "<group>"; };
		A2DC252C272179E600AA9DD8 /* ReadyStatusDictTests.swift */ = {isa = PBXFileReference; lastKnownFileType = sourcecode.swift; path = ReadyStatusDictTests.swift; sourceTree = "<group>"; };
		A2DC253027217AEB00AA9DD8 /* FakePresentationViewController.swift */ = {isa = PBXFileReference; lastKnownFileType = sourcecode.swift; path = FakePresentationViewController.swift; sourceTree = "<group>"; };
		A2DC25372721A3D900AA9DD8 /* UsercentricsOptionsDictTests.swift */ = {isa = PBXFileReference; lastKnownFileType = sourcecode.swift; path = UsercentricsOptionsDictTests.swift; sourceTree = "<group>"; };
		A2DC25392721A6D400AA9DD8 /* UsercentricsUISettingsDictTests.swift */ = {isa = PBXFileReference; lastKnownFileType = sourcecode.swift; path = UsercentricsUISettingsDictTests.swift; sourceTree = "<group>"; };
		A2DC253B2721A85200AA9DD8 /* UsercentricsUserInteractionDictTest.swift */ = {isa = PBXFileReference; lastKnownFileType = sourcecode.swift; path = UsercentricsUserInteractionDictTest.swift; sourceTree = "<group>"; };
		A2F0B081272C396200A99DD3 /* UsercentricsConsentTypeTests.swift */ = {isa = PBXFileReference; lastKnownFileType = sourcecode.swift; path = UsercentricsConsentTypeTests.swift; sourceTree = "<group>"; };
		A2F0B083272C399600A99DD3 /* TCFDecisionUILayerTests.swift */ = {isa = PBXFileReference; lastKnownFileType = sourcecode.swift; path = TCFDecisionUILayerTests.swift; sourceTree = "<group>"; };
		A8031BA1511AD4E870387F2A /* libPods-example.a */ = {isa = PBXFileReference; explicitFileType = archive.ar; includeInIndex = 0; path = "libPods-example.a"; sourceTree = BUILT_PRODUCTS_DIR; };
		CFBA2F06D5364A84B9A7D6FA /* Lora.ttf */ = {isa = PBXFileReference; explicitFileType = undefined; fileEncoding = 9; includeInIndex = 0; lastKnownFileType = unknown; name = Lora.ttf; path = ../assets/fonts/Lora.ttf; sourceTree = "<group>"; };
		D0D223024B51477898C8BE99 /* logo.png */ = {isa = PBXFileReference; explicitFileType = undefined; fileEncoding = 9; includeInIndex = 0; lastKnownFileType = unknown; name = logo.png; path = ../assets/images/logo.png; sourceTree = "<group>"; };
		D3083178DCB4D694D9669AF6 /* Pods-example-exampleTests.debug.xcconfig */ = {isa = PBXFileReference; includeInIndex = 1; lastKnownFileType = text.xcconfig; name = "Pods-example-exampleTests.debug.xcconfig"; path = "Target Support Files/Pods-example-exampleTests/Pods-example-exampleTests.debug.xcconfig"; sourceTree = "<group>"; };
		D674092D8E4F9B924BABBB98 /* Pods-example.debug.xcconfig */ = {isa = PBXFileReference; includeInIndex = 1; lastKnownFileType = text.xcconfig; name = "Pods-example.debug.xcconfig"; path = "Target Support Files/Pods-example/Pods-example.debug.xcconfig"; sourceTree = "<group>"; };
		ED297162215061F000B7C4FE /* JavaScriptCore.framework */ = {isa = PBXFileReference; lastKnownFileType = wrapper.framework; name = JavaScriptCore.framework; path = System/Library/Frameworks/JavaScriptCore.framework; sourceTree = SDKROOT; };
		F5ABBE05B63B0B1B4FE2FE58 /* Pods-example-exampleTests.release.xcconfig */ = {isa = PBXFileReference; includeInIndex = 1; lastKnownFileType = text.xcconfig; name = "Pods-example-exampleTests.release.xcconfig"; path = "Target Support Files/Pods-example-exampleTests/Pods-example-exampleTests.release.xcconfig"; sourceTree = "<group>"; };
		FAA6DE272607FC1C0044CA6D /* AppDelegate.swift */ = {isa = PBXFileReference; lastKnownFileType = sourcecode.swift; name = AppDelegate.swift; path = example/AppDelegate.swift; sourceTree = "<group>"; };
		FAA6DE2A2607FC480044CA6D /* example-Bridging-Header.h */ = {isa = PBXFileReference; lastKnownFileType = sourcecode.c.h; name = "example-Bridging-Header.h"; path = "example/example-Bridging-Header.h"; sourceTree = "<group>"; };
/* End PBXFileReference section */

/* Begin PBXFrameworksBuildPhase section */
		13B07F8C1A680F5B00A75B9A /* Frameworks */ = {
			isa = PBXFrameworksBuildPhase;
			buildActionMask = 2147483647;
			files = (
				0D28E730597094B25BE34E9D /* libPods-example.a in Frameworks */,
			);
			runOnlyForDeploymentPostprocessing = 0;
		};
		A2DC250E272161D600AA9DD8 /* Frameworks */ = {
			isa = PBXFrameworksBuildPhase;
			buildActionMask = 2147483647;
			files = (
				85B900E84FFC8E02557F2381 /* libPods-example-exampleTests.a in Frameworks */,
			);
			runOnlyForDeploymentPostprocessing = 0;
		};
/* End PBXFrameworksBuildPhase section */

/* Begin PBXGroup section */
		13B07FAE1A68108700A75B9A /* example */ = {
			isa = PBXGroup;
			children = (
				FAA6DE272607FC1C0044CA6D /* AppDelegate.swift */,
				13B07FB51A68108700A75B9A /* Images.xcassets */,
				13B07FB61A68108700A75B9A /* Info.plist */,
				81AB9BB72411601600AC10FF /* LaunchScreen.storyboard */,
				FAA6DE2A2607FC480044CA6D /* example-Bridging-Header.h */,
			);
			name = example;
			sourceTree = "<group>";
		};
		2D16E6871FA4F8E400B85C8A /* Frameworks */ = {
			isa = PBXGroup;
			children = (
				ED297162215061F000B7C4FE /* JavaScriptCore.framework */,
				A8031BA1511AD4E870387F2A /* libPods-example.a */,
				2762AEA52BFC18E1201301FB /* libPods-example-exampleTests.a */,
			);
			name = Frameworks;
			sourceTree = "<group>";
		};
		360A22F5C615B0814726ED20 /* Pods */ = {
			isa = PBXGroup;
			children = (
				D674092D8E4F9B924BABBB98 /* Pods-example.debug.xcconfig */,
				8F45C64B16AB75DF72E0AD45 /* Pods-example.release.xcconfig */,
				D3083178DCB4D694D9669AF6 /* Pods-example-exampleTests.debug.xcconfig */,
				F5ABBE05B63B0B1B4FE2FE58 /* Pods-example-exampleTests.release.xcconfig */,
			);
			path = Pods;
			sourceTree = "<group>";
		};
		83CBB9F61A601CBA00E9B192 = {
			isa = PBXGroup;
			children = (
				13B07FAE1A68108700A75B9A /* example */,
				A2DC2512272161D600AA9DD8 /* exampleTests */,
				83CBBA001A601CBA00E9B192 /* Products */,
				2D16E6871FA4F8E400B85C8A /* Frameworks */,
				360A22F5C615B0814726ED20 /* Pods */,
				870AE07B7E7F49918FEF5534 /* Resources */,
			);
			indentWidth = 2;
			sourceTree = "<group>";
			tabWidth = 2;
			usesTabs = 0;
		};
		83CBBA001A601CBA00E9B192 /* Products */ = {
			isa = PBXGroup;
			children = (
				13B07F961A680F5B00A75B9A /* example.app */,
				A2DC2511272161D600AA9DD8 /* exampleTests.xctest */,
			);
			name = Products;
			sourceTree = "<group>";
		};
		870AE07B7E7F49918FEF5534 /* Resources */ = {
			isa = PBXGroup;
			children = (
				D0D223024B51477898C8BE99 /* logo.png */,
				CFBA2F06D5364A84B9A7D6FA /* Lora.ttf */,
			);
			name = Resources;
			sourceTree = "<group>";
		};
		A21D32A2272ADDE0004ED33E /* Mock */ = {
			isa = PBXGroup;
			children = (
				A2DC252227216A9D00AA9DD8 /* UsercentricsIsReady+Mock.swift */,
				A2DC252427216AA500AA9DD8 /* UsercentricsOptions+Mock.swift */,
				A24E4EA627313B82001093C7 /* TCFUserDecisions+Mock.swift */,
				A24E4EA827313FA2001093C7 /* UserDecisions+Mock.swift */,
			);
			path = Mock;
			sourceTree = "<group>";
		};
		A2DC2512272161D600AA9DD8 /* exampleTests */ = {
			isa = PBXGroup;
			children = (
				A21D32A2272ADDE0004ED33E /* Mock */,
				A2DC251F2721673400AA9DD8 /* Fake */,
				A2DC251D272166FB00AA9DD8 /* RNUsercentricsModuleTests.swift */,
				A2DC252C272179E600AA9DD8 /* ReadyStatusDictTests.swift */,
				A2DC25372721A3D900AA9DD8 /* UsercentricsOptionsDictTests.swift */,
				A2DC25392721A6D400AA9DD8 /* UsercentricsUISettingsDictTests.swift */,
				A2DC253B2721A85200AA9DD8 /* UsercentricsUserInteractionDictTest.swift */,
				A2F0B081272C396200A99DD3 /* UsercentricsConsentTypeTests.swift */,
				A2F0B083272C399600A99DD3 /* TCFDecisionUILayerTests.swift */,
				A24E4EA42731354A001093C7 /* UserDecisionDictTests.swift */,
			);
			path = exampleTests;
			sourceTree = "<group>";
		};
		A2DC251F2721673400AA9DD8 /* Fake */ = {
			isa = PBXGroup;
			children = (
				A2DC25202721673C00AA9DD8 /* FakeUsercentricsManager.swift */,
				A2DC253027217AEB00AA9DD8 /* FakePresentationViewController.swift */,
				A2DC252827216D7600AA9DD8 /* FakeDispatchQueue.swift */,
			);
			path = Fake;
			sourceTree = "<group>";
		};
/* End PBXGroup section */

/* Begin PBXNativeTarget section */
		13B07F861A680F5B00A75B9A /* example */ = {
			isa = PBXNativeTarget;
			buildConfigurationList = 13B07F931A680F5B00A75B9A /* Build configuration list for PBXNativeTarget "example" */;
			buildPhases = (
				F3300ECDE448AD28B9946E25 /* [CP] Check Pods Manifest.lock */,
				FD10A7F022414F080027D42C /* Start Packager */,
				13B07F871A680F5B00A75B9A /* Sources */,
				13B07F8C1A680F5B00A75B9A /* Frameworks */,
				13B07F8E1A680F5B00A75B9A /* Resources */,
				00DD1BFF1BD5951E006B06BC /* Bundle React Native code and images */,
				D5373B78B0207EA17E0622F5 /* [CP] Embed Pods Frameworks */,
				457A892B003F604BFA0BEFD3 /* [CP] Copy Pods Resources */,
			);
			buildRules = (
			);
			dependencies = (
			);
			name = example;
			productName = example;
			productReference = 13B07F961A680F5B00A75B9A /* example.app */;
			productType = "com.apple.product-type.application";
		};
		A2DC2510272161D600AA9DD8 /* exampleTests */ = {
			isa = PBXNativeTarget;
			buildConfigurationList = A2DC2519272161D600AA9DD8 /* Build configuration list for PBXNativeTarget "exampleTests" */;
			buildPhases = (
				828EEEE161CC508BA0F37002 /* [CP] Check Pods Manifest.lock */,
				A2DC250D272161D600AA9DD8 /* Sources */,
				A2DC250E272161D600AA9DD8 /* Frameworks */,
				A2DC250F272161D600AA9DD8 /* Resources */,
				88723F9151060291E644CA79 /* [CP] Embed Pods Frameworks */,
				98DC2054AD38142568F302BE /* [CP] Copy Pods Resources */,
			);
			buildRules = (
			);
			dependencies = (
				A2DC2516272161D600AA9DD8 /* PBXTargetDependency */,
			);
			name = exampleTests;
			productName = exampleTests;
			productReference = A2DC2511272161D600AA9DD8 /* exampleTests.xctest */;
			productType = "com.apple.product-type.bundle.unit-test";
		};
/* End PBXNativeTarget section */

/* Begin PBXProject section */
		83CBB9F71A601CBA00E9B192 /* Project object */ = {
			isa = PBXProject;
			attributes = {
				LastSwiftUpdateCheck = 1300;
				LastUpgradeCheck = 1240;
				TargetAttributes = {
					13B07F861A680F5B00A75B9A = {
						LastSwiftMigration = 1240;
					};
					A2DC2510272161D600AA9DD8 = {
						CreatedOnToolsVersion = 13.0;
						LastSwiftMigration = 1300;
						TestTargetID = 13B07F861A680F5B00A75B9A;
					};
				};
			};
			buildConfigurationList = 83CBB9FA1A601CBA00E9B192 /* Build configuration list for PBXProject "example" */;
			compatibilityVersion = "Xcode 12.0";
			developmentRegion = en;
			hasScannedForEncodings = 0;
			knownRegions = (
				en,
				Base,
			);
			mainGroup = 83CBB9F61A601CBA00E9B192;
			productRefGroup = 83CBBA001A601CBA00E9B192 /* Products */;
			projectDirPath = "";
			projectRoot = "";
			targets = (
				13B07F861A680F5B00A75B9A /* example */,
				A2DC2510272161D600AA9DD8 /* exampleTests */,
			);
		};
/* End PBXProject section */

/* Begin PBXResourcesBuildPhase section */
		13B07F8E1A680F5B00A75B9A /* Resources */ = {
			isa = PBXResourcesBuildPhase;
			buildActionMask = 2147483647;
			files = (
				A21E7AFC27205691000F1128 /* Lora.ttf in Resources */,
				81AB9BB82411601600AC10FF /* LaunchScreen.storyboard in Resources */,
				13B07FBF1A68108700A75B9A /* Images.xcassets in Resources */,
				562C9D98E27A41B0BB18F39D /* logo.png in Resources */,
			);
			runOnlyForDeploymentPostprocessing = 0;
		};
		A2DC250F272161D600AA9DD8 /* Resources */ = {
			isa = PBXResourcesBuildPhase;
			buildActionMask = 2147483647;
			files = (
			);
			runOnlyForDeploymentPostprocessing = 0;
		};
/* End PBXResourcesBuildPhase section */

/* Begin PBXShellScriptBuildPhase section */
		00DD1BFF1BD5951E006B06BC /* Bundle React Native code and images */ = {
			isa = PBXShellScriptBuildPhase;
			buildActionMask = 2147483647;
			files = (
			);
			inputPaths = (
			);
			name = "Bundle React Native code and images";
			outputPaths = (
			);
			runOnlyForDeploymentPostprocessing = 0;
			shellPath = /bin/sh;
			shellScript = "set -e\n\nexport NODE_BINARY=node\n../node_modules/react-native/scripts/react-native-xcode.sh\n";
		};
		457A892B003F604BFA0BEFD3 /* [CP] Copy Pods Resources */ = {
			isa = PBXShellScriptBuildPhase;
			buildActionMask = 2147483647;
			files = (
			);
			inputFileListPaths = (
				"${PODS_ROOT}/Target Support Files/Pods-example/Pods-example-resources-${CONFIGURATION}-input-files.xcfilelist",
			);
			name = "[CP] Copy Pods Resources";
			outputFileListPaths = (
				"${PODS_ROOT}/Target Support Files/Pods-example/Pods-example-resources-${CONFIGURATION}-output-files.xcfilelist",
			);
			runOnlyForDeploymentPostprocessing = 0;
			shellPath = /bin/sh;
			shellScript = "\"${PODS_ROOT}/Target Support Files/Pods-example/Pods-example-resources.sh\"\n";
			showEnvVarsInLog = 0;
		};
		828EEEE161CC508BA0F37002 /* [CP] Check Pods Manifest.lock */ = {
			isa = PBXShellScriptBuildPhase;
			buildActionMask = 2147483647;
			files = (
			);
			inputFileListPaths = (
			);
			inputPaths = (
				"${PODS_PODFILE_DIR_PATH}/Podfile.lock",
				"${PODS_ROOT}/Manifest.lock",
			);
			name = "[CP] Check Pods Manifest.lock";
			outputFileListPaths = (
			);
			outputPaths = (
				"$(DERIVED_FILE_DIR)/Pods-example-exampleTests-checkManifestLockResult.txt",
			);
			runOnlyForDeploymentPostprocessing = 0;
			shellPath = /bin/sh;
			shellScript = "diff \"${PODS_PODFILE_DIR_PATH}/Podfile.lock\" \"${PODS_ROOT}/Manifest.lock\" > /dev/null\nif [ $? != 0 ] ; then\n    # print error to STDERR\n    echo \"error: The sandbox is not in sync with the Podfile.lock. Run 'pod install' or update your CocoaPods installation.\" >&2\n    exit 1\nfi\n# This output is used by Xcode 'outputs' to avoid re-running this script phase.\necho \"SUCCESS\" > \"${SCRIPT_OUTPUT_FILE_0}\"\n";
			showEnvVarsInLog = 0;
		};
		88723F9151060291E644CA79 /* [CP] Embed Pods Frameworks */ = {
			isa = PBXShellScriptBuildPhase;
			buildActionMask = 2147483647;
			files = (
			);
			inputFileListPaths = (
				"${PODS_ROOT}/Target Support Files/Pods-example-exampleTests/Pods-example-exampleTests-frameworks-${CONFIGURATION}-input-files.xcfilelist",
			);
			name = "[CP] Embed Pods Frameworks";
			outputFileListPaths = (
				"${PODS_ROOT}/Target Support Files/Pods-example-exampleTests/Pods-example-exampleTests-frameworks-${CONFIGURATION}-output-files.xcfilelist",
			);
			runOnlyForDeploymentPostprocessing = 0;
			shellPath = /bin/sh;
			shellScript = "\"${PODS_ROOT}/Target Support Files/Pods-example-exampleTests/Pods-example-exampleTests-frameworks.sh\"\n";
			showEnvVarsInLog = 0;
		};
		98DC2054AD38142568F302BE /* [CP] Copy Pods Resources */ = {
			isa = PBXShellScriptBuildPhase;
			buildActionMask = 2147483647;
			files = (
			);
			inputFileListPaths = (
				"${PODS_ROOT}/Target Support Files/Pods-example-exampleTests/Pods-example-exampleTests-resources-${CONFIGURATION}-input-files.xcfilelist",
			);
			name = "[CP] Copy Pods Resources";
			outputFileListPaths = (
				"${PODS_ROOT}/Target Support Files/Pods-example-exampleTests/Pods-example-exampleTests-resources-${CONFIGURATION}-output-files.xcfilelist",
			);
			runOnlyForDeploymentPostprocessing = 0;
			shellPath = /bin/sh;
			shellScript = "\"${PODS_ROOT}/Target Support Files/Pods-example-exampleTests/Pods-example-exampleTests-resources.sh\"\n";
			showEnvVarsInLog = 0;
		};
		D5373B78B0207EA17E0622F5 /* [CP] Embed Pods Frameworks */ = {
			isa = PBXShellScriptBuildPhase;
			buildActionMask = 2147483647;
			files = (
			);
			inputFileListPaths = (
				"${PODS_ROOT}/Target Support Files/Pods-example/Pods-example-frameworks-${CONFIGURATION}-input-files.xcfilelist",
			);
			name = "[CP] Embed Pods Frameworks";
			outputFileListPaths = (
				"${PODS_ROOT}/Target Support Files/Pods-example/Pods-example-frameworks-${CONFIGURATION}-output-files.xcfilelist",
			);
			runOnlyForDeploymentPostprocessing = 0;
			shellPath = /bin/sh;
			shellScript = "\"${PODS_ROOT}/Target Support Files/Pods-example/Pods-example-frameworks.sh\"\n";
			showEnvVarsInLog = 0;
		};
		F3300ECDE448AD28B9946E25 /* [CP] Check Pods Manifest.lock */ = {
			isa = PBXShellScriptBuildPhase;
			buildActionMask = 2147483647;
			files = (
			);
			inputFileListPaths = (
			);
			inputPaths = (
				"${PODS_PODFILE_DIR_PATH}/Podfile.lock",
				"${PODS_ROOT}/Manifest.lock",
			);
			name = "[CP] Check Pods Manifest.lock";
			outputFileListPaths = (
			);
			outputPaths = (
				"$(DERIVED_FILE_DIR)/Pods-example-checkManifestLockResult.txt",
			);
			runOnlyForDeploymentPostprocessing = 0;
			shellPath = /bin/sh;
			shellScript = "diff \"${PODS_PODFILE_DIR_PATH}/Podfile.lock\" \"${PODS_ROOT}/Manifest.lock\" > /dev/null\nif [ $? != 0 ] ; then\n    # print error to STDERR\n    echo \"error: The sandbox is not in sync with the Podfile.lock. Run 'pod install' or update your CocoaPods installation.\" >&2\n    exit 1\nfi\n# This output is used by Xcode 'outputs' to avoid re-running this script phase.\necho \"SUCCESS\" > \"${SCRIPT_OUTPUT_FILE_0}\"\n";
			showEnvVarsInLog = 0;
		};
		FD10A7F022414F080027D42C /* Start Packager */ = {
			isa = PBXShellScriptBuildPhase;
			buildActionMask = 2147483647;
			files = (
			);
			inputFileListPaths = (
			);
			inputPaths = (
			);
			name = "Start Packager";
			outputFileListPaths = (
			);
			outputPaths = (
			);
			runOnlyForDeploymentPostprocessing = 0;
			shellPath = /bin/sh;
			shellScript = "export RCT_METRO_PORT=\"${RCT_METRO_PORT:=8081}\"\necho \"export RCT_METRO_PORT=${RCT_METRO_PORT}\" > \"${SRCROOT}/../node_modules/react-native/scripts/.packager.env\"\nif [ -z \"${RCT_NO_LAUNCH_PACKAGER+xxx}\" ] ; then\n  if nc -w 5 -z localhost ${RCT_METRO_PORT} ; then\n    if ! curl -s \"http://localhost:${RCT_METRO_PORT}/status\" | grep -q \"packager-status:running\" ; then\n      echo \"Port ${RCT_METRO_PORT} already in use, packager is either not running or not running correctly\"\n      exit 2\n    fi\n  else\n    open \"$SRCROOT/../node_modules/react-native/scripts/launchPackager.command\" || echo \"Can't start packager automatically\"\n  fi\nfi\n";
			showEnvVarsInLog = 0;
		};
/* End PBXShellScriptBuildPhase section */

/* Begin PBXSourcesBuildPhase section */
		13B07F871A680F5B00A75B9A /* Sources */ = {
			isa = PBXSourcesBuildPhase;
			buildActionMask = 2147483647;
			files = (
				FAA6DE282607FC1C0044CA6D /* AppDelegate.swift in Sources */,
			);
			runOnlyForDeploymentPostprocessing = 0;
		};
		A2DC250D272161D600AA9DD8 /* Sources */ = {
			isa = PBXSourcesBuildPhase;
			buildActionMask = 2147483647;
			files = (
				A2DC252527216AA500AA9DD8 /* UsercentricsOptions+Mock.swift in Sources */,
				A2F0B084272C399600A99DD3 /* TCFDecisionUILayerTests.swift in Sources */,
				A2DC253C2721A85200AA9DD8 /* UsercentricsUserInteractionDictTest.swift in Sources */,
				A24E4EA927313FA2001093C7 /* UserDecisions+Mock.swift in Sources */,
				A2DC253127217AEB00AA9DD8 /* FakePresentationViewController.swift in Sources */,
				A2DC25382721A3D900AA9DD8 /* UsercentricsOptionsDictTests.swift in Sources */,
				A2DC25212721673C00AA9DD8 /* FakeUsercentricsManager.swift in Sources */,
				A2DC252327216A9D00AA9DD8 /* UsercentricsIsReady+Mock.swift in Sources */,
				A24E4EA52731354A001093C7 /* UserDecisionDictTests.swift in Sources */,
				A2DC251E272166FB00AA9DD8 /* RNUsercentricsModuleTests.swift in Sources */,
				A2DC252927216D7600AA9DD8 /* FakeDispatchQueue.swift in Sources */,
				A24E4EA727313B82001093C7 /* TCFUserDecisions+Mock.swift in Sources */,
				A2F0B082272C396200A99DD3 /* UsercentricsConsentTypeTests.swift in Sources */,
				A2DC252D272179E600AA9DD8 /* ReadyStatusDictTests.swift in Sources */,
				A2DC253A2721A6D400AA9DD8 /* UsercentricsUISettingsDictTests.swift in Sources */,
			);
			runOnlyForDeploymentPostprocessing = 0;
		};
/* End PBXSourcesBuildPhase section */

/* Begin PBXTargetDependency section */
		A2DC2516272161D600AA9DD8 /* PBXTargetDependency */ = {
			isa = PBXTargetDependency;
			target = 13B07F861A680F5B00A75B9A /* example */;
			targetProxy = A2DC2515272161D600AA9DD8 /* PBXContainerItemProxy */;
		};
/* End PBXTargetDependency section */

/* Begin XCBuildConfiguration section */
		13B07F941A680F5B00A75B9A /* Debug */ = {
			isa = XCBuildConfiguration;
			baseConfigurationReference = D674092D8E4F9B924BABBB98 /* Pods-example.debug.xcconfig */;
			buildSettings = {
				ASSETCATALOG_COMPILER_APPICON_NAME = AppIcon;
				CLANG_ENABLE_MODULES = YES;
				CURRENT_PROJECT_VERSION = 1;
				ENABLE_BITCODE = NO;
				INFOPLIST_FILE = example/Info.plist;
				IPHONEOS_DEPLOYMENT_TARGET = 11.0;
				LD_RUNPATH_SEARCH_PATHS = (
					"$(inherited)",
					"@executable_path/Frameworks",
				);
				OTHER_LDFLAGS = (
					"$(inherited)",
					"-ObjC",
					"-lc++",
				);
				PRODUCT_BUNDLE_IDENTIFIER = "com.$(PRODUCT_NAME:rfc1034identifier:lower)";
				PRODUCT_NAME = example;
				SWIFT_OBJC_BRIDGING_HEADER = "example/example-Bridging-Header.h";
				SWIFT_OPTIMIZATION_LEVEL = "-Onone";
				SWIFT_VERSION = 5.0;
				VERSIONING_SYSTEM = "apple-generic";
			};
			name = Debug;
		};
		13B07F951A680F5B00A75B9A /* Release */ = {
			isa = XCBuildConfiguration;
			baseConfigurationReference = 8F45C64B16AB75DF72E0AD45 /* Pods-example.release.xcconfig */;
			buildSettings = {
				ASSETCATALOG_COMPILER_APPICON_NAME = AppIcon;
				CLANG_ENABLE_MODULES = YES;
				CURRENT_PROJECT_VERSION = 1;
				INFOPLIST_FILE = example/Info.plist;
				IPHONEOS_DEPLOYMENT_TARGET = 11.0;
				LD_RUNPATH_SEARCH_PATHS = (
					"$(inherited)",
					"@executable_path/Frameworks",
				);
				OTHER_LDFLAGS = (
					"$(inherited)",
					"-ObjC",
					"-lc++",
				);
				PRODUCT_BUNDLE_IDENTIFIER = "com.$(PRODUCT_NAME:rfc1034identifier:lower)";
				PRODUCT_NAME = example;
				SWIFT_OBJC_BRIDGING_HEADER = "example/example-Bridging-Header.h";
				SWIFT_VERSION = 5.0;
				VERSIONING_SYSTEM = "apple-generic";
			};
			name = Release;
		};
		83CBBA201A601CBA00E9B192 /* Debug */ = {
			isa = XCBuildConfiguration;
			buildSettings = {
				ALWAYS_SEARCH_USER_PATHS = NO;
				CLANG_ANALYZER_LOCALIZABILITY_NONLOCALIZED = YES;
				CLANG_CXX_LANGUAGE_STANDARD = "gnu++0x";
				CLANG_CXX_LIBRARY = "libc++";
				CLANG_ENABLE_MODULES = YES;
				CLANG_ENABLE_OBJC_ARC = YES;
				CLANG_WARN_BLOCK_CAPTURE_AUTORELEASING = YES;
				CLANG_WARN_BOOL_CONVERSION = YES;
				CLANG_WARN_COMMA = YES;
				CLANG_WARN_CONSTANT_CONVERSION = YES;
				CLANG_WARN_DEPRECATED_OBJC_IMPLEMENTATIONS = YES;
				CLANG_WARN_DIRECT_OBJC_ISA_USAGE = YES_ERROR;
				CLANG_WARN_EMPTY_BODY = YES;
				CLANG_WARN_ENUM_CONVERSION = YES;
				CLANG_WARN_INFINITE_RECURSION = YES;
				CLANG_WARN_INT_CONVERSION = YES;
				CLANG_WARN_NON_LITERAL_NULL_CONVERSION = YES;
				CLANG_WARN_OBJC_IMPLICIT_RETAIN_SELF = YES;
				CLANG_WARN_OBJC_LITERAL_CONVERSION = YES;
				CLANG_WARN_OBJC_ROOT_CLASS = YES_ERROR;
				CLANG_WARN_QUOTED_INCLUDE_IN_FRAMEWORK_HEADER = YES;
				CLANG_WARN_RANGE_LOOP_ANALYSIS = YES;
				CLANG_WARN_STRICT_PROTOTYPES = YES;
				CLANG_WARN_SUSPICIOUS_MOVE = YES;
				CLANG_WARN_UNREACHABLE_CODE = YES;
				CLANG_WARN__DUPLICATE_METHOD_MATCH = YES;
				"CODE_SIGN_IDENTITY[sdk=iphoneos*]" = "iPhone Developer";
				COPY_PHASE_STRIP = NO;
				ENABLE_STRICT_OBJC_MSGSEND = YES;
				ENABLE_TESTABILITY = YES;
				"EXCLUDED_ARCHS[sdk=iphonesimulator*]" = "arm64 ";
				GCC_C_LANGUAGE_STANDARD = gnu99;
				GCC_DYNAMIC_NO_PIC = NO;
				GCC_NO_COMMON_BLOCKS = YES;
				GCC_OPTIMIZATION_LEVEL = 0;
				GCC_PREPROCESSOR_DEFINITIONS = (
					"DEBUG=1",
					"$(inherited)",
				);
				GCC_SYMBOLS_PRIVATE_EXTERN = NO;
				GCC_WARN_64_TO_32_BIT_CONVERSION = YES;
				GCC_WARN_ABOUT_RETURN_TYPE = YES_ERROR;
				GCC_WARN_UNDECLARED_SELECTOR = YES;
				GCC_WARN_UNINITIALIZED_AUTOS = YES_AGGRESSIVE;
				GCC_WARN_UNUSED_FUNCTION = YES;
				GCC_WARN_UNUSED_VARIABLE = YES;
				IPHONEOS_DEPLOYMENT_TARGET = 11.0;
				LD_RUNPATH_SEARCH_PATHS = (
					/usr/lib/swift,
					"$(inherited)",
				);
				LIBRARY_SEARCH_PATHS = "\"$(inherited)\"";
				MTL_ENABLE_DEBUG_INFO = YES;
				ONLY_ACTIVE_ARCH = YES;
				OTHER_SWIFT_FLAGS = "-D DEBUG";
				SDKROOT = iphoneos;
			};
			name = Debug;
		};
		83CBBA211A601CBA00E9B192 /* Release */ = {
			isa = XCBuildConfiguration;
			buildSettings = {
				ALWAYS_SEARCH_USER_PATHS = NO;
				CLANG_ANALYZER_LOCALIZABILITY_NONLOCALIZED = YES;
				CLANG_CXX_LANGUAGE_STANDARD = "gnu++0x";
				CLANG_CXX_LIBRARY = "libc++";
				CLANG_ENABLE_MODULES = YES;
				CLANG_ENABLE_OBJC_ARC = YES;
				CLANG_WARN_BLOCK_CAPTURE_AUTORELEASING = YES;
				CLANG_WARN_BOOL_CONVERSION = YES;
				CLANG_WARN_COMMA = YES;
				CLANG_WARN_CONSTANT_CONVERSION = YES;
				CLANG_WARN_DEPRECATED_OBJC_IMPLEMENTATIONS = YES;
				CLANG_WARN_DIRECT_OBJC_ISA_USAGE = YES_ERROR;
				CLANG_WARN_EMPTY_BODY = YES;
				CLANG_WARN_ENUM_CONVERSION = YES;
				CLANG_WARN_INFINITE_RECURSION = YES;
				CLANG_WARN_INT_CONVERSION = YES;
				CLANG_WARN_NON_LITERAL_NULL_CONVERSION = YES;
				CLANG_WARN_OBJC_IMPLICIT_RETAIN_SELF = YES;
				CLANG_WARN_OBJC_LITERAL_CONVERSION = YES;
				CLANG_WARN_OBJC_ROOT_CLASS = YES_ERROR;
				CLANG_WARN_QUOTED_INCLUDE_IN_FRAMEWORK_HEADER = YES;
				CLANG_WARN_RANGE_LOOP_ANALYSIS = YES;
				CLANG_WARN_STRICT_PROTOTYPES = YES;
				CLANG_WARN_SUSPICIOUS_MOVE = YES;
				CLANG_WARN_UNREACHABLE_CODE = YES;
				CLANG_WARN__DUPLICATE_METHOD_MATCH = YES;
				"CODE_SIGN_IDENTITY[sdk=iphoneos*]" = "iPhone Developer";
				COPY_PHASE_STRIP = YES;
				ENABLE_NS_ASSERTIONS = NO;
				ENABLE_STRICT_OBJC_MSGSEND = YES;
				"EXCLUDED_ARCHS[sdk=iphonesimulator*]" = "arm64 ";
				GCC_C_LANGUAGE_STANDARD = gnu99;
				GCC_NO_COMMON_BLOCKS = YES;
				GCC_WARN_64_TO_32_BIT_CONVERSION = YES;
				GCC_WARN_ABOUT_RETURN_TYPE = YES_ERROR;
				GCC_WARN_UNDECLARED_SELECTOR = YES;
				GCC_WARN_UNINITIALIZED_AUTOS = YES_AGGRESSIVE;
				GCC_WARN_UNUSED_FUNCTION = YES;
				GCC_WARN_UNUSED_VARIABLE = YES;
				IPHONEOS_DEPLOYMENT_TARGET = 11.0;
				LD_RUNPATH_SEARCH_PATHS = (
					/usr/lib/swift,
					"$(inherited)",
				);
				LIBRARY_SEARCH_PATHS = "\"$(inherited)\"";
				MTL_ENABLE_DEBUG_INFO = NO;
				SDKROOT = iphoneos;
				SWIFT_COMPILATION_MODE = wholemodule;
				VALIDATE_PRODUCT = YES;
			};
			name = Release;
		};
		A2DC2517272161D600AA9DD8 /* Debug */ = {
			isa = XCBuildConfiguration;
			baseConfigurationReference = D3083178DCB4D694D9669AF6 /* Pods-example-exampleTests.debug.xcconfig */;
			buildSettings = {
				BUNDLE_LOADER = "$(TEST_HOST)";
				CLANG_ANALYZER_NONNULL = YES;
				CLANG_ANALYZER_NUMBER_OBJECT_CONVERSION = YES_AGGRESSIVE;
				CLANG_CXX_LANGUAGE_STANDARD = "gnu++17";
				CLANG_ENABLE_MODULES = YES;
				CLANG_ENABLE_OBJC_WEAK = YES;
				CLANG_WARN_DOCUMENTATION_COMMENTS = YES;
				CLANG_WARN_UNGUARDED_AVAILABILITY = YES_AGGRESSIVE;
				CODE_SIGN_STYLE = Automatic;
				CURRENT_PROJECT_VERSION = 1;
				DEBUG_INFORMATION_FORMAT = dwarf;
				DEVELOPMENT_TEAM = 5V6UZKA8F4;
				GCC_C_LANGUAGE_STANDARD = gnu11;
				GENERATE_INFOPLIST_FILE = YES;
				IPHONEOS_DEPLOYMENT_TARGET = 11.0;
				LD_RUNPATH_SEARCH_PATHS = (
					"$(inherited)",
					"@executable_path/Frameworks",
					"@loader_path/Frameworks",
				);
				MARKETING_VERSION = 1.0;
				MTL_ENABLE_DEBUG_INFO = INCLUDE_SOURCE;
				MTL_FAST_MATH = YES;
				PRODUCT_BUNDLE_IDENTIFIER = com.usercentrics.exampleTests;
				PRODUCT_NAME = "$(TARGET_NAME)";
				SWIFT_ACTIVE_COMPILATION_CONDITIONS = DEBUG;
				SWIFT_EMIT_LOC_STRINGS = NO;
				SWIFT_OPTIMIZATION_LEVEL = "-Onone";
				SWIFT_VERSION = 5.0;
				TARGETED_DEVICE_FAMILY = "1,2";
				TEST_HOST = "$(BUILT_PRODUCTS_DIR)/example.app/example";
			};
			name = Debug;
		};
		A2DC2518272161D600AA9DD8 /* Release */ = {
			isa = XCBuildConfiguration;
			baseConfigurationReference = F5ABBE05B63B0B1B4FE2FE58 /* Pods-example-exampleTests.release.xcconfig */;
			buildSettings = {
				BUNDLE_LOADER = "$(TEST_HOST)";
				CLANG_ANALYZER_NONNULL = YES;
				CLANG_ANALYZER_NUMBER_OBJECT_CONVERSION = YES_AGGRESSIVE;
				CLANG_CXX_LANGUAGE_STANDARD = "gnu++17";
				CLANG_ENABLE_MODULES = YES;
				CLANG_ENABLE_OBJC_WEAK = YES;
				CLANG_WARN_DOCUMENTATION_COMMENTS = YES;
				CLANG_WARN_UNGUARDED_AVAILABILITY = YES_AGGRESSIVE;
				CODE_SIGN_STYLE = Automatic;
				COPY_PHASE_STRIP = NO;
				CURRENT_PROJECT_VERSION = 1;
				DEBUG_INFORMATION_FORMAT = "dwarf-with-dsym";
				DEVELOPMENT_TEAM = 5V6UZKA8F4;
				GCC_C_LANGUAGE_STANDARD = gnu11;
				GENERATE_INFOPLIST_FILE = YES;
				IPHONEOS_DEPLOYMENT_TARGET = 11.0;
				LD_RUNPATH_SEARCH_PATHS = (
					"$(inherited)",
					"@executable_path/Frameworks",
					"@loader_path/Frameworks",
				);
				MARKETING_VERSION = 1.0;
				MTL_FAST_MATH = YES;
				PRODUCT_BUNDLE_IDENTIFIER = com.usercentrics.exampleTests;
				PRODUCT_NAME = "$(TARGET_NAME)";
				SWIFT_EMIT_LOC_STRINGS = NO;
				SWIFT_OPTIMIZATION_LEVEL = "-O";
				SWIFT_VERSION = 5.0;
				TARGETED_DEVICE_FAMILY = "1,2";
				TEST_HOST = "$(BUILT_PRODUCTS_DIR)/example.app/example";
			};
			name = Release;
		};
/* End XCBuildConfiguration section */

/* Begin XCConfigurationList section */
		13B07F931A680F5B00A75B9A /* Build configuration list for PBXNativeTarget "example" */ = {
			isa = XCConfigurationList;
			buildConfigurations = (
				13B07F941A680F5B00A75B9A /* Debug */,
				13B07F951A680F5B00A75B9A /* Release */,
			);
			defaultConfigurationIsVisible = 0;
			defaultConfigurationName = Release;
		};
		83CBB9FA1A601CBA00E9B192 /* Build configuration list for PBXProject "example" */ = {
			isa = XCConfigurationList;
			buildConfigurations = (
				83CBBA201A601CBA00E9B192 /* Debug */,
				83CBBA211A601CBA00E9B192 /* Release */,
			);
			defaultConfigurationIsVisible = 0;
			defaultConfigurationName = Release;
		};
		A2DC2519272161D600AA9DD8 /* Build configuration list for PBXNativeTarget "exampleTests" */ = {
			isa = XCConfigurationList;
			buildConfigurations = (
				A2DC2517272161D600AA9DD8 /* Debug */,
				A2DC2518272161D600AA9DD8 /* Release */,
			);
			defaultConfigurationIsVisible = 0;
			defaultConfigurationName = Release;
		};
/* End XCConfigurationList section */
	};
	rootObject = 83CBB9F71A601CBA00E9B192 /* Project object */;
}
